// !$*UTF8*$!
{
	archiveVersion = 1;
	classes = {
	};
	objectVersion = 55;
	objects = {

/* Begin PBXBuildFile section */
		6A1B161B27906AFC004304EB /* AppDelegate.swift in Sources */ = {isa = PBXBuildFile; fileRef = 6A1B161A27906AFC004304EB /* AppDelegate.swift */; };
		6A1B162427906AFE004304EB /* Assets.xcassets in Resources */ = {isa = PBXBuildFile; fileRef = 6A1B162327906AFE004304EB /* Assets.xcassets */; };
		6A1B162727906AFE004304EB /* LaunchScreen.storyboard in Resources */ = {isa = PBXBuildFile; fileRef = 6A1B162527906AFE004304EB /* LaunchScreen.storyboard */; };
		6A1B163227906AFE004304EB /* News_AppTests.swift in Sources */ = {isa = PBXBuildFile; fileRef = 6A1B163127906AFE004304EB /* News_AppTests.swift */; };
		6A1B163C27906AFE004304EB /* News_AppUITests.swift in Sources */ = {isa = PBXBuildFile; fileRef = 6A1B163B27906AFE004304EB /* News_AppUITests.swift */; };
		6A1B163E27906AFE004304EB /* News_AppUITestsLaunchTests.swift in Sources */ = {isa = PBXBuildFile; fileRef = 6A1B163D27906AFE004304EB /* News_AppUITestsLaunchTests.swift */; };
		6A1B164E27906CF1004304EB /* NetworkingClient.swift in Sources */ = {isa = PBXBuildFile; fileRef = 6A1B164D27906CF1004304EB /* NetworkingClient.swift */; };
		6A1B165927906DB6004304EB /* PostTableViewCell.swift in Sources */ = {isa = PBXBuildFile; fileRef = 6A1B165727906DB6004304EB /* PostTableViewCell.swift */; };
		6A1B165A27906DB6004304EB /* PostTableViewCell.xib in Resources */ = {isa = PBXBuildFile; fileRef = 6A1B165827906DB6004304EB /* PostTableViewCell.xib */; };
		6A1B165C27906F0D004304EB /* PostViewModel.swift in Sources */ = {isa = PBXBuildFile; fileRef = 6A1B165B27906F0D004304EB /* PostViewModel.swift */; };
		6A1B165E27906F3B004304EB /* PostService.swift in Sources */ = {isa = PBXBuildFile; fileRef = 6A1B165D27906F3B004304EB /* PostService.swift */; };
		6A1B166027906F92004304EB /* PostModel.swift in Sources */ = {isa = PBXBuildFile; fileRef = 6A1B165F27906F92004304EB /* PostModel.swift */; };
		6A1B166327906FAF004304EB /* PostViewController.swift in Sources */ = {isa = PBXBuildFile; fileRef = 6A1B166127906FAF004304EB /* PostViewController.swift */; };
		6A1B166427906FAF004304EB /* PostViewController.xib in Resources */ = {isa = PBXBuildFile; fileRef = 6A1B166227906FAF004304EB /* PostViewController.xib */; };
		6A1B16672790720B004304EB /* EndPoint.swift in Sources */ = {isa = PBXBuildFile; fileRef = 6A1B16662790720B004304EB /* EndPoint.swift */; };
		6A3765ED2791F7A800DA5419 /* UserDetailViewController.swift in Sources */ = {isa = PBXBuildFile; fileRef = 6A3765EB2791F7A800DA5419 /* UserDetailViewController.swift */; };
		6A3765EE2791F7A800DA5419 /* UserDetailViewController.xib in Resources */ = {isa = PBXBuildFile; fileRef = 6A3765EC2791F7A800DA5419 /* UserDetailViewController.xib */; };
		6A3765F12792034700DA5419 /* AlbumCollectionViewCell.swift in Sources */ = {isa = PBXBuildFile; fileRef = 6A3765EF2792034700DA5419 /* AlbumCollectionViewCell.swift */; };
		6A3765F22792034700DA5419 /* AlbumCollectionViewCell.xib in Resources */ = {isa = PBXBuildFile; fileRef = 6A3765F02792034700DA5419 /* AlbumCollectionViewCell.xib */; };
		6A3765F427920ED800DA5419 /* UserDetailViewModel.swift in Sources */ = {isa = PBXBuildFile; fileRef = 6A3765F327920ED800DA5419 /* UserDetailViewModel.swift */; };
		6A3765F72792765800DA5419 /* HeaderAlbumCollectionReusableView.swift in Sources */ = {isa = PBXBuildFile; fileRef = 6A3765F52792765800DA5419 /* HeaderAlbumCollectionReusableView.swift */; };
		6A3765F82792765800DA5419 /* HeaderAlbumCollectionReusableView.xib in Resources */ = {isa = PBXBuildFile; fileRef = 6A3765F62792765800DA5419 /* HeaderAlbumCollectionReusableView.xib */; };
		6A3765FB279281B500DA5419 /* UIImageExtension.swift in Sources */ = {isa = PBXBuildFile; fileRef = 6A3765FA279281B500DA5419 /* UIImageExtension.swift */; };
		6A3765FE2792822A00DA5419 /* PhotoDetailViewController.swift in Sources */ = {isa = PBXBuildFile; fileRef = 6A3765FC2792822A00DA5419 /* PhotoDetailViewController.swift */; };
		6A3765FF2792822A00DA5419 /* PhotoDetailViewController.xib in Resources */ = {isa = PBXBuildFile; fileRef = 6A3765FD2792822A00DA5419 /* PhotoDetailViewController.xib */; };
		6A376605279284E400DA5419 /* PhotoDetailViewModel.swift in Sources */ = {isa = PBXBuildFile; fileRef = 6A376604279284E400DA5419 /* PhotoDetailViewModel.swift */; };
		6A3766082792855400DA5419 /* PhotoDetailCollectionViewCell.swift in Sources */ = {isa = PBXBuildFile; fileRef = 6A3766062792855400DA5419 /* PhotoDetailCollectionViewCell.swift */; };
		6A3766092792855400DA5419 /* PhotoDetailCollectionViewCell.xib in Resources */ = {isa = PBXBuildFile; fileRef = 6A3766072792855400DA5419 /* PhotoDetailCollectionViewCell.xib */; };
		6AAAEFEA27907A34001CA8F5 /* UserModel.swift in Sources */ = {isa = PBXBuildFile; fileRef = 6AAAEFE927907A34001CA8F5 /* UserModel.swift */; };
		6AAAEFEC27907AE4001CA8F5 /* CommentModel.swift in Sources */ = {isa = PBXBuildFile; fileRef = 6AAAEFEB27907AE4001CA8F5 /* CommentModel.swift */; };
		6AAAEFEE27907B37001CA8F5 /* AlbumModel.swift in Sources */ = {isa = PBXBuildFile; fileRef = 6AAAEFED27907B37001CA8F5 /* AlbumModel.swift */; };
		6AAAEFF227907B9B001CA8F5 /* PhotoModel.swift in Sources */ = {isa = PBXBuildFile; fileRef = 6AAAEFF127907B9B001CA8F5 /* PhotoModel.swift */; };
		6AAAEFF427907BE1001CA8F5 /* TodoModel.swift in Sources */ = {isa = PBXBuildFile; fileRef = 6AAAEFF327907BE1001CA8F5 /* TodoModel.swift */; };
		6AAAEFF627907C6F001CA8F5 /* UserService.swift in Sources */ = {isa = PBXBuildFile; fileRef = 6AAAEFF527907C6F001CA8F5 /* UserService.swift */; };
		6AAAEFF82790909B001CA8F5 /* PhotoService.swift in Sources */ = {isa = PBXBuildFile; fileRef = 6AAAEFF72790909B001CA8F5 /* PhotoService.swift */; };
		6AAAEFFA279090EB001CA8F5 /* CommentService.swift in Sources */ = {isa = PBXBuildFile; fileRef = 6AAAEFF9279090EB001CA8F5 /* CommentService.swift */; };
		6AAAEFFC27909127001CA8F5 /* AlbumService.swift in Sources */ = {isa = PBXBuildFile; fileRef = 6AAAEFFB27909127001CA8F5 /* AlbumService.swift */; };
		6AAAEFFE27909EE9001CA8F5 /* Global.swift in Sources */ = {isa = PBXBuildFile; fileRef = 6AAAEFFD27909EE9001CA8F5 /* Global.swift */; };
		6AAAF0052790A3C8001CA8F5 /* PostDetailViewController.swift in Sources */ = {isa = PBXBuildFile; fileRef = 6AAAF0032790A3C8001CA8F5 /* PostDetailViewController.swift */; };
		6AAAF0062790A3C8001CA8F5 /* PostDetailViewController.xib in Resources */ = {isa = PBXBuildFile; fileRef = 6AAAF0042790A3C8001CA8F5 /* PostDetailViewController.xib */; };
		6AAAF0082790A414001CA8F5 /* PostDetailViewModel.swift in Sources */ = {isa = PBXBuildFile; fileRef = 6AAAF0072790A414001CA8F5 /* PostDetailViewModel.swift */; };
		6AAAF00B2790A440001CA8F5 /* CommentTableViewCell.swift in Sources */ = {isa = PBXBuildFile; fileRef = 6AAAF0092790A440001CA8F5 /* CommentTableViewCell.swift */; };
		6AAAF00C2790A440001CA8F5 /* CommentTableViewCell.xib in Resources */ = {isa = PBXBuildFile; fileRef = 6AAAF00A2790A440001CA8F5 /* CommentTableViewCell.xib */; };
		6ADBE2DD2795E01100055378 /* UIViewExtension.swift in Sources */ = {isa = PBXBuildFile; fileRef = 6ADBE2DC2795E01100055378 /* UIViewExtension.swift */; };
		6ADBE2DF2795E09600055378 /* UIColorExtension.swift in Sources */ = {isa = PBXBuildFile; fileRef = 6ADBE2DE2795E09600055378 /* UIColorExtension.swift */; };
		6B4D37948456EF11D393C31C /* Pods_News_App_News_AppUITests.framework in Frameworks */ = {isa = PBXBuildFile; fileRef = C6BA4C447E6E2D59DDA298D1 /* Pods_News_App_News_AppUITests.framework */; };
		EDF231223FEC813D65FA4827 /* Pods_News_AppTests.framework in Frameworks */ = {isa = PBXBuildFile; fileRef = BA3D84B707FE626CBDAC6BC0 /* Pods_News_AppTests.framework */; };
		F722BA6C3D0EE2B9E970D1A4 /* Pods_News_App.framework in Frameworks */ = {isa = PBXBuildFile; fileRef = 2017E9DB9678231F8375D3F8 /* Pods_News_App.framework */; };
/* End PBXBuildFile section */

/* Begin PBXContainerItemProxy section */
		6A1B162E27906AFE004304EB /* PBXContainerItemProxy */ = {
			isa = PBXContainerItemProxy;
			containerPortal = 6A1B160F27906AFC004304EB /* Project object */;
			proxyType = 1;
			remoteGlobalIDString = 6A1B161627906AFC004304EB;
			remoteInfo = "News App";
		};
		6A1B163827906AFE004304EB /* PBXContainerItemProxy */ = {
			isa = PBXContainerItemProxy;
			containerPortal = 6A1B160F27906AFC004304EB /* Project object */;
			proxyType = 1;
			remoteGlobalIDString = 6A1B161627906AFC004304EB;
			remoteInfo = "News App";
		};
/* End PBXContainerItemProxy section */

/* Begin PBXFileReference section */
		2017E9DB9678231F8375D3F8 /* Pods_News_App.framework */ = {isa = PBXFileReference; explicitFileType = wrapper.framework; includeInIndex = 0; path = Pods_News_App.framework; sourceTree = BUILT_PRODUCTS_DIR; };
		2427A0F22DB0492E8CB5C94F /* Pods-News App-News AppUITests.debug.xcconfig */ = {isa = PBXFileReference; includeInIndex = 1; lastKnownFileType = text.xcconfig; name = "Pods-News App-News AppUITests.debug.xcconfig"; path = "Target Support Files/Pods-News App-News AppUITests/Pods-News App-News AppUITests.debug.xcconfig"; sourceTree = "<group>"; };
		2EEC0AA8D463FD1CC636C184 /* Pods-News AppTests.debug.xcconfig */ = {isa = PBXFileReference; includeInIndex = 1; lastKnownFileType = text.xcconfig; name = "Pods-News AppTests.debug.xcconfig"; path = "Target Support Files/Pods-News AppTests/Pods-News AppTests.debug.xcconfig"; sourceTree = "<group>"; };
		4D8AC5067C36808CED63C7B5 /* Pods-News App-News AppUITests.release.xcconfig */ = {isa = PBXFileReference; includeInIndex = 1; lastKnownFileType = text.xcconfig; name = "Pods-News App-News AppUITests.release.xcconfig"; path = "Target Support Files/Pods-News App-News AppUITests/Pods-News App-News AppUITests.release.xcconfig"; sourceTree = "<group>"; };
		6A1B161727906AFC004304EB /* News App.app */ = {isa = PBXFileReference; explicitFileType = wrapper.application; includeInIndex = 0; path = "News App.app"; sourceTree = BUILT_PRODUCTS_DIR; };
		6A1B161A27906AFC004304EB /* AppDelegate.swift */ = {isa = PBXFileReference; lastKnownFileType = sourcecode.swift; path = AppDelegate.swift; sourceTree = "<group>"; };
		6A1B162327906AFE004304EB /* Assets.xcassets */ = {isa = PBXFileReference; lastKnownFileType = folder.assetcatalog; path = Assets.xcassets; sourceTree = "<group>"; };
		6A1B162627906AFE004304EB /* Base */ = {isa = PBXFileReference; lastKnownFileType = file.storyboard; name = Base; path = Base.lproj/LaunchScreen.storyboard; sourceTree = "<group>"; };
		6A1B162827906AFE004304EB /* Info.plist */ = {isa = PBXFileReference; lastKnownFileType = text.plist.xml; path = Info.plist; sourceTree = "<group>"; };
		6A1B162D27906AFE004304EB /* News AppTests.xctest */ = {isa = PBXFileReference; explicitFileType = wrapper.cfbundle; includeInIndex = 0; path = "News AppTests.xctest"; sourceTree = BUILT_PRODUCTS_DIR; };
		6A1B163127906AFE004304EB /* News_AppTests.swift */ = {isa = PBXFileReference; lastKnownFileType = sourcecode.swift; path = News_AppTests.swift; sourceTree = "<group>"; };
		6A1B163727906AFE004304EB /* News AppUITests.xctest */ = {isa = PBXFileReference; explicitFileType = wrapper.cfbundle; includeInIndex = 0; path = "News AppUITests.xctest"; sourceTree = BUILT_PRODUCTS_DIR; };
		6A1B163B27906AFE004304EB /* News_AppUITests.swift */ = {isa = PBXFileReference; lastKnownFileType = sourcecode.swift; path = News_AppUITests.swift; sourceTree = "<group>"; };
		6A1B163D27906AFE004304EB /* News_AppUITestsLaunchTests.swift */ = {isa = PBXFileReference; lastKnownFileType = sourcecode.swift; path = News_AppUITestsLaunchTests.swift; sourceTree = "<group>"; };
		6A1B164D27906CF1004304EB /* NetworkingClient.swift */ = {isa = PBXFileReference; fileEncoding = 4; lastKnownFileType = sourcecode.swift; path = NetworkingClient.swift; sourceTree = "<group>"; };
		6A1B165727906DB6004304EB /* PostTableViewCell.swift */ = {isa = PBXFileReference; lastKnownFileType = sourcecode.swift; path = PostTableViewCell.swift; sourceTree = "<group>"; };
		6A1B165827906DB6004304EB /* PostTableViewCell.xib */ = {isa = PBXFileReference; lastKnownFileType = file.xib; path = PostTableViewCell.xib; sourceTree = "<group>"; };
		6A1B165B27906F0D004304EB /* PostViewModel.swift */ = {isa = PBXFileReference; lastKnownFileType = sourcecode.swift; path = PostViewModel.swift; sourceTree = "<group>"; };
		6A1B165D27906F3B004304EB /* PostService.swift */ = {isa = PBXFileReference; lastKnownFileType = sourcecode.swift; path = PostService.swift; sourceTree = "<group>"; };
		6A1B165F27906F92004304EB /* PostModel.swift */ = {isa = PBXFileReference; lastKnownFileType = sourcecode.swift; path = PostModel.swift; sourceTree = "<group>"; };
		6A1B166127906FAF004304EB /* PostViewController.swift */ = {isa = PBXFileReference; lastKnownFileType = sourcecode.swift; path = PostViewController.swift; sourceTree = "<group>"; };
		6A1B166227906FAF004304EB /* PostViewController.xib */ = {isa = PBXFileReference; lastKnownFileType = file.xib; path = PostViewController.xib; sourceTree = "<group>"; };
		6A1B16662790720B004304EB /* EndPoint.swift */ = {isa = PBXFileReference; lastKnownFileType = sourcecode.swift; path = EndPoint.swift; sourceTree = "<group>"; };
		6A3765EB2791F7A800DA5419 /* UserDetailViewController.swift */ = {isa = PBXFileReference; lastKnownFileType = sourcecode.swift; path = UserDetailViewController.swift; sourceTree = "<group>"; };
		6A3765EC2791F7A800DA5419 /* UserDetailViewController.xib */ = {isa = PBXFileReference; lastKnownFileType = file.xib; path = UserDetailViewController.xib; sourceTree = "<group>"; };
		6A3765EF2792034700DA5419 /* AlbumCollectionViewCell.swift */ = {isa = PBXFileReference; lastKnownFileType = sourcecode.swift; path = AlbumCollectionViewCell.swift; sourceTree = "<group>"; };
		6A3765F02792034700DA5419 /* AlbumCollectionViewCell.xib */ = {isa = PBXFileReference; lastKnownFileType = file.xib; path = AlbumCollectionViewCell.xib; sourceTree = "<group>"; };
		6A3765F327920ED800DA5419 /* UserDetailViewModel.swift */ = {isa = PBXFileReference; lastKnownFileType = sourcecode.swift; path = UserDetailViewModel.swift; sourceTree = "<group>"; };
		6A3765F52792765800DA5419 /* HeaderAlbumCollectionReusableView.swift */ = {isa = PBXFileReference; lastKnownFileType = sourcecode.swift; path = HeaderAlbumCollectionReusableView.swift; sourceTree = "<group>"; };
		6A3765F62792765800DA5419 /* HeaderAlbumCollectionReusableView.xib */ = {isa = PBXFileReference; lastKnownFileType = file.xib; path = HeaderAlbumCollectionReusableView.xib; sourceTree = "<group>"; };
		6A3765FA279281B500DA5419 /* UIImageExtension.swift */ = {isa = PBXFileReference; lastKnownFileType = sourcecode.swift; path = UIImageExtension.swift; sourceTree = "<group>"; };
		6A3765FC2792822A00DA5419 /* PhotoDetailViewController.swift */ = {isa = PBXFileReference; lastKnownFileType = sourcecode.swift; path = PhotoDetailViewController.swift; sourceTree = "<group>"; };
		6A3765FD2792822A00DA5419 /* PhotoDetailViewController.xib */ = {isa = PBXFileReference; lastKnownFileType = file.xib; path = PhotoDetailViewController.xib; sourceTree = "<group>"; };
		6A376604279284E400DA5419 /* PhotoDetailViewModel.swift */ = {isa = PBXFileReference; lastKnownFileType = sourcecode.swift; path = PhotoDetailViewModel.swift; sourceTree = "<group>"; };
		6A3766062792855400DA5419 /* PhotoDetailCollectionViewCell.swift */ = {isa = PBXFileReference; lastKnownFileType = sourcecode.swift; path = PhotoDetailCollectionViewCell.swift; sourceTree = "<group>"; };
		6A3766072792855400DA5419 /* PhotoDetailCollectionViewCell.xib */ = {isa = PBXFileReference; lastKnownFileType = file.xib; path = PhotoDetailCollectionViewCell.xib; sourceTree = "<group>"; };
		6AAAEFE927907A34001CA8F5 /* UserModel.swift */ = {isa = PBXFileReference; lastKnownFileType = sourcecode.swift; path = UserModel.swift; sourceTree = "<group>"; };
		6AAAEFEB27907AE4001CA8F5 /* CommentModel.swift */ = {isa = PBXFileReference; lastKnownFileType = sourcecode.swift; path = CommentModel.swift; sourceTree = "<group>"; };
		6AAAEFED27907B37001CA8F5 /* AlbumModel.swift */ = {isa = PBXFileReference; lastKnownFileType = sourcecode.swift; path = AlbumModel.swift; sourceTree = "<group>"; };
		6AAAEFF127907B9B001CA8F5 /* PhotoModel.swift */ = {isa = PBXFileReference; lastKnownFileType = sourcecode.swift; path = PhotoModel.swift; sourceTree = "<group>"; };
		6AAAEFF327907BE1001CA8F5 /* TodoModel.swift */ = {isa = PBXFileReference; lastKnownFileType = sourcecode.swift; path = TodoModel.swift; sourceTree = "<group>"; };
		6AAAEFF527907C6F001CA8F5 /* UserService.swift */ = {isa = PBXFileReference; lastKnownFileType = sourcecode.swift; path = UserService.swift; sourceTree = "<group>"; };
		6AAAEFF72790909B001CA8F5 /* PhotoService.swift */ = {isa = PBXFileReference; lastKnownFileType = sourcecode.swift; path = PhotoService.swift; sourceTree = "<group>"; };
		6AAAEFF9279090EB001CA8F5 /* CommentService.swift */ = {isa = PBXFileReference; lastKnownFileType = sourcecode.swift; path = CommentService.swift; sourceTree = "<group>"; };
		6AAAEFFB27909127001CA8F5 /* AlbumService.swift */ = {isa = PBXFileReference; lastKnownFileType = sourcecode.swift; path = AlbumService.swift; sourceTree = "<group>"; };
		6AAAEFFD27909EE9001CA8F5 /* Global.swift */ = {isa = PBXFileReference; lastKnownFileType = sourcecode.swift; path = Global.swift; sourceTree = "<group>"; };
		6AAAF0032790A3C8001CA8F5 /* PostDetailViewController.swift */ = {isa = PBXFileReference; lastKnownFileType = sourcecode.swift; path = PostDetailViewController.swift; sourceTree = "<group>"; };
		6AAAF0042790A3C8001CA8F5 /* PostDetailViewController.xib */ = {isa = PBXFileReference; lastKnownFileType = file.xib; path = PostDetailViewController.xib; sourceTree = "<group>"; };
		6AAAF0072790A414001CA8F5 /* PostDetailViewModel.swift */ = {isa = PBXFileReference; lastKnownFileType = sourcecode.swift; path = PostDetailViewModel.swift; sourceTree = "<group>"; };
		6AAAF0092790A440001CA8F5 /* CommentTableViewCell.swift */ = {isa = PBXFileReference; lastKnownFileType = sourcecode.swift; path = CommentTableViewCell.swift; sourceTree = "<group>"; };
		6AAAF00A2790A440001CA8F5 /* CommentTableViewCell.xib */ = {isa = PBXFileReference; lastKnownFileType = file.xib; path = CommentTableViewCell.xib; sourceTree = "<group>"; };
		6ADBE2DC2795E01100055378 /* UIViewExtension.swift */ = {isa = PBXFileReference; lastKnownFileType = sourcecode.swift; path = UIViewExtension.swift; sourceTree = "<group>"; };
		6ADBE2DE2795E09600055378 /* UIColorExtension.swift */ = {isa = PBXFileReference; fileEncoding = 4; lastKnownFileType = sourcecode.swift; path = UIColorExtension.swift; sourceTree = "<group>"; };
		8E8771507E858680435A2153 /* Pods-News App.release.xcconfig */ = {isa = PBXFileReference; includeInIndex = 1; lastKnownFileType = text.xcconfig; name = "Pods-News App.release.xcconfig"; path = "Target Support Files/Pods-News App/Pods-News App.release.xcconfig"; sourceTree = "<group>"; };
		BA3D84B707FE626CBDAC6BC0 /* Pods_News_AppTests.framework */ = {isa = PBXFileReference; explicitFileType = wrapper.framework; includeInIndex = 0; path = Pods_News_AppTests.framework; sourceTree = BUILT_PRODUCTS_DIR; };
		C18154C6EB5E5C73845C21EE /* Pods-News App.debug.xcconfig */ = {isa = PBXFileReference; includeInIndex = 1; lastKnownFileType = text.xcconfig; name = "Pods-News App.debug.xcconfig"; path = "Target Support Files/Pods-News App/Pods-News App.debug.xcconfig"; sourceTree = "<group>"; };
		C6BA4C447E6E2D59DDA298D1 /* Pods_News_App_News_AppUITests.framework */ = {isa = PBXFileReference; explicitFileType = wrapper.framework; includeInIndex = 0; path = Pods_News_App_News_AppUITests.framework; sourceTree = BUILT_PRODUCTS_DIR; };
		DC7C80DC4D951C98CC93A152 /* Pods-News AppTests.release.xcconfig */ = {isa = PBXFileReference; includeInIndex = 1; lastKnownFileType = text.xcconfig; name = "Pods-News AppTests.release.xcconfig"; path = "Target Support Files/Pods-News AppTests/Pods-News AppTests.release.xcconfig"; sourceTree = "<group>"; };
/* End PBXFileReference section */

/* Begin PBXFrameworksBuildPhase section */
		6A1B161427906AFC004304EB /* Frameworks */ = {
			isa = PBXFrameworksBuildPhase;
			buildActionMask = 2147483647;
			files = (
				F722BA6C3D0EE2B9E970D1A4 /* Pods_News_App.framework in Frameworks */,
			);
			runOnlyForDeploymentPostprocessing = 0;
		};
		6A1B162A27906AFE004304EB /* Frameworks */ = {
			isa = PBXFrameworksBuildPhase;
			buildActionMask = 2147483647;
			files = (
				EDF231223FEC813D65FA4827 /* Pods_News_AppTests.framework in Frameworks */,
			);
			runOnlyForDeploymentPostprocessing = 0;
		};
		6A1B163427906AFE004304EB /* Frameworks */ = {
			isa = PBXFrameworksBuildPhase;
			buildActionMask = 2147483647;
			files = (
				6B4D37948456EF11D393C31C /* Pods_News_App_News_AppUITests.framework in Frameworks */,
			);
			runOnlyForDeploymentPostprocessing = 0;
		};
/* End PBXFrameworksBuildPhase section */

/* Begin PBXGroup section */
		6A1B160E27906AFC004304EB = {
			isa = PBXGroup;
			children = (
				6A1B161927906AFC004304EB /* News App */,
				6A1B163027906AFE004304EB /* News AppTests */,
				6A1B163A27906AFE004304EB /* News AppUITests */,
				6A1B161827906AFC004304EB /* Products */,
				88322D14ABFEC5B08BEF8FCA /* Pods */,
				877B67AEC47F98754CD7EF0A /* Frameworks */,
			);
			sourceTree = "<group>";
		};
		6A1B161827906AFC004304EB /* Products */ = {
			isa = PBXGroup;
			children = (
				6A1B161727906AFC004304EB /* News App.app */,
				6A1B162D27906AFE004304EB /* News AppTests.xctest */,
				6A1B163727906AFE004304EB /* News AppUITests.xctest */,
			);
			name = Products;
			sourceTree = "<group>";
		};
		6A1B161927906AFC004304EB /* News App */ = {
			isa = PBXGroup;
			children = (
				6A3765F92792819700DA5419 /* Helper */,
				6A1B1665279071F9004304EB /* Entities */,
				6A1B164C27906CCE004304EB /* Service */,
				6A1B164B27906CC2004304EB /* Page */,
				6A1B164A27906CBC004304EB /* Model */,
				6A1B161A27906AFC004304EB /* AppDelegate.swift */,
				6A1B164D27906CF1004304EB /* NetworkingClient.swift */,
				6A1B162327906AFE004304EB /* Assets.xcassets */,
				6A1B162527906AFE004304EB /* LaunchScreen.storyboard */,
				6A1B162827906AFE004304EB /* Info.plist */,
				6AAAEFFD27909EE9001CA8F5 /* Global.swift */,
			);
			path = "News App";
			sourceTree = "<group>";
		};
		6A1B163027906AFE004304EB /* News AppTests */ = {
			isa = PBXGroup;
			children = (
				6A1B163127906AFE004304EB /* News_AppTests.swift */,
			);
			path = "News AppTests";
			sourceTree = "<group>";
		};
		6A1B163A27906AFE004304EB /* News AppUITests */ = {
			isa = PBXGroup;
			children = (
				6A1B163B27906AFE004304EB /* News_AppUITests.swift */,
				6A1B163D27906AFE004304EB /* News_AppUITestsLaunchTests.swift */,
			);
			path = "News AppUITests";
			sourceTree = "<group>";
		};
		6A1B164A27906CBC004304EB /* Model */ = {
			isa = PBXGroup;
			children = (
				6A1B165F27906F92004304EB /* PostModel.swift */,
				6AAAEFEB27907AE4001CA8F5 /* CommentModel.swift */,
				6AAAEFE927907A34001CA8F5 /* UserModel.swift */,
				6AAAEFED27907B37001CA8F5 /* AlbumModel.swift */,
				6AAAEFF127907B9B001CA8F5 /* PhotoModel.swift */,
				6AAAEFF327907BE1001CA8F5 /* TodoModel.swift */,
			);
			path = Model;
			sourceTree = "<group>";
		};
		6A1B164B27906CC2004304EB /* Page */ = {
			isa = PBXGroup;
			children = (
				6A1B164F27906D23004304EB /* AllPost */,
				6AAAEFFF2790A38F001CA8F5 /* PostDetail */,
				6A3765E72791F73700DA5419 /* UserDetail */,
				6A3766002792843E00DA5419 /* PhotoDetail */,
			);
			path = Page;
			sourceTree = "<group>";
		};
		6A1B164C27906CCE004304EB /* Service */ = {
			isa = PBXGroup;
			children = (
				6A1B165D27906F3B004304EB /* PostService.swift */,
				6AAAEFF527907C6F001CA8F5 /* UserService.swift */,
				6AAAEFF72790909B001CA8F5 /* PhotoService.swift */,
				6AAAEFF9279090EB001CA8F5 /* CommentService.swift */,
				6AAAEFFB27909127001CA8F5 /* AlbumService.swift */,
			);
			path = Service;
			sourceTree = "<group>";
		};
		6A1B164F27906D23004304EB /* AllPost */ = {
			isa = PBXGroup;
			children = (
				6A1B165027906D31004304EB /* View */,
				6A1B165127906D55004304EB /* Cell */,
				6A1B165227906D5C004304EB /* ViewModel */,
			);
			path = AllPost;
			sourceTree = "<group>";
		};
		6A1B165027906D31004304EB /* View */ = {
			isa = PBXGroup;
			children = (
				6A1B166127906FAF004304EB /* PostViewController.swift */,
				6A1B166227906FAF004304EB /* PostViewController.xib */,
			);
			path = View;
			sourceTree = "<group>";
		};
		6A1B165127906D55004304EB /* Cell */ = {
			isa = PBXGroup;
			children = (
				6A1B165727906DB6004304EB /* PostTableViewCell.swift */,
				6A1B165827906DB6004304EB /* PostTableViewCell.xib */,
			);
			path = Cell;
			sourceTree = "<group>";
		};
		6A1B165227906D5C004304EB /* ViewModel */ = {
			isa = PBXGroup;
			children = (
				6A1B165B27906F0D004304EB /* PostViewModel.swift */,
			);
			path = ViewModel;
			sourceTree = "<group>";
		};
		6A1B1665279071F9004304EB /* Entities */ = {
			isa = PBXGroup;
			children = (
				6A1B16662790720B004304EB /* EndPoint.swift */,
			);
			path = Entities;
			sourceTree = "<group>";
		};
		6A3765E72791F73700DA5419 /* UserDetail */ = {
			isa = PBXGroup;
			children = (
				6A3765E82791F74B00DA5419 /* View */,
				6A3765E92791F75400DA5419 /* Cell */,
				6A3765EA2791F75C00DA5419 /* ViewModel */,
			);
			path = UserDetail;
			sourceTree = "<group>";
		};
		6A3765E82791F74B00DA5419 /* View */ = {
			isa = PBXGroup;
			children = (
				6A3765EB2791F7A800DA5419 /* UserDetailViewController.swift */,
				6A3765EC2791F7A800DA5419 /* UserDetailViewController.xib */,
			);
			path = View;
			sourceTree = "<group>";
		};
		6A3765E92791F75400DA5419 /* Cell */ = {
			isa = PBXGroup;
			children = (
				6A3765EF2792034700DA5419 /* AlbumCollectionViewCell.swift */,
				6A3765F02792034700DA5419 /* AlbumCollectionViewCell.xib */,
				6A3765F52792765800DA5419 /* HeaderAlbumCollectionReusableView.swift */,
				6A3765F62792765800DA5419 /* HeaderAlbumCollectionReusableView.xib */,
			);
			path = Cell;
			sourceTree = "<group>";
		};
		6A3765EA2791F75C00DA5419 /* ViewModel */ = {
			isa = PBXGroup;
			children = (
				6A3765F327920ED800DA5419 /* UserDetailViewModel.swift */,
			);
			path = ViewModel;
			sourceTree = "<group>";
		};
		6A3765F92792819700DA5419 /* Helper */ = {
			isa = PBXGroup;
			children = (
				6A3765FA279281B500DA5419 /* UIImageExtension.swift */,
				6ADBE2DC2795E01100055378 /* UIViewExtension.swift */,
				6ADBE2DE2795E09600055378 /* UIColorExtension.swift */,
			);
			path = Helper;
			sourceTree = "<group>";
		};
		6A3766002792843E00DA5419 /* PhotoDetail */ = {
			isa = PBXGroup;
			children = (
				6A3766012792844700DA5419 /* View */,
				6A3766022792844F00DA5419 /* Cell */,
				6A3766032792845600DA5419 /* ViewModel */,
			);
			path = PhotoDetail;
			sourceTree = "<group>";
		};
		6A3766012792844700DA5419 /* View */ = {
			isa = PBXGroup;
			children = (
				6A3765FC2792822A00DA5419 /* PhotoDetailViewController.swift */,
				6A3765FD2792822A00DA5419 /* PhotoDetailViewController.xib */,
			);
			path = View;
			sourceTree = "<group>";
		};
		6A3766022792844F00DA5419 /* Cell */ = {
			isa = PBXGroup;
			children = (
				6A3766062792855400DA5419 /* PhotoDetailCollectionViewCell.swift */,
				6A3766072792855400DA5419 /* PhotoDetailCollectionViewCell.xib */,
			);
			path = Cell;
			sourceTree = "<group>";
		};
		6A3766032792845600DA5419 /* ViewModel */ = {
			isa = PBXGroup;
			children = (
				6A376604279284E400DA5419 /* PhotoDetailViewModel.swift */,
			);
			path = ViewModel;
			sourceTree = "<group>";
		};
		6AAAEFFF2790A38F001CA8F5 /* PostDetail */ = {
			isa = PBXGroup;
			children = (
				6AAAF0022790A3AB001CA8F5 /* View */,
				6AAAF0012790A3A4001CA8F5 /* Cell */,
				6AAAF0002790A39B001CA8F5 /* ViewModel */,
			);
			path = PostDetail;
			sourceTree = "<group>";
		};
		6AAAF0002790A39B001CA8F5 /* ViewModel */ = {
			isa = PBXGroup;
			children = (
				6AAAF0072790A414001CA8F5 /* PostDetailViewModel.swift */,
			);
			path = ViewModel;
			sourceTree = "<group>";
		};
		6AAAF0012790A3A4001CA8F5 /* Cell */ = {
			isa = PBXGroup;
			children = (
				6AAAF0092790A440001CA8F5 /* CommentTableViewCell.swift */,
				6AAAF00A2790A440001CA8F5 /* CommentTableViewCell.xib */,
			);
			path = Cell;
			sourceTree = "<group>";
		};
		6AAAF0022790A3AB001CA8F5 /* View */ = {
			isa = PBXGroup;
			children = (
				6AAAF0032790A3C8001CA8F5 /* PostDetailViewController.swift */,
				6AAAF0042790A3C8001CA8F5 /* PostDetailViewController.xib */,
			);
			path = View;
			sourceTree = "<group>";
		};
		877B67AEC47F98754CD7EF0A /* Frameworks */ = {
			isa = PBXGroup;
			children = (
				2017E9DB9678231F8375D3F8 /* Pods_News_App.framework */,
				C6BA4C447E6E2D59DDA298D1 /* Pods_News_App_News_AppUITests.framework */,
				BA3D84B707FE626CBDAC6BC0 /* Pods_News_AppTests.framework */,
			);
			name = Frameworks;
			sourceTree = "<group>";
		};
		88322D14ABFEC5B08BEF8FCA /* Pods */ = {
			isa = PBXGroup;
			children = (
				C18154C6EB5E5C73845C21EE /* Pods-News App.debug.xcconfig */,
				8E8771507E858680435A2153 /* Pods-News App.release.xcconfig */,
				2427A0F22DB0492E8CB5C94F /* Pods-News App-News AppUITests.debug.xcconfig */,
				4D8AC5067C36808CED63C7B5 /* Pods-News App-News AppUITests.release.xcconfig */,
				2EEC0AA8D463FD1CC636C184 /* Pods-News AppTests.debug.xcconfig */,
				DC7C80DC4D951C98CC93A152 /* Pods-News AppTests.release.xcconfig */,
			);
			path = Pods;
			sourceTree = "<group>";
		};
/* End PBXGroup section */

/* Begin PBXNativeTarget section */
		6A1B161627906AFC004304EB /* News App */ = {
			isa = PBXNativeTarget;
			buildConfigurationList = 6A1B164127906AFE004304EB /* Build configuration list for PBXNativeTarget "News App" */;
			buildPhases = (
				F95D196F2EF390C620DFBAE0 /* [CP] Check Pods Manifest.lock */,
				6A1B161327906AFC004304EB /* Sources */,
				6A1B161427906AFC004304EB /* Frameworks */,
				6A1B161527906AFC004304EB /* Resources */,
				185C7B59468C7D46DAE093E6 /* [CP] Embed Pods Frameworks */,
			);
			buildRules = (
			);
			dependencies = (
			);
			name = "News App";
			productName = "News App";
			productReference = 6A1B161727906AFC004304EB /* News App.app */;
			productType = "com.apple.product-type.application";
		};
		6A1B162C27906AFE004304EB /* News AppTests */ = {
			isa = PBXNativeTarget;
			buildConfigurationList = 6A1B164427906AFE004304EB /* Build configuration list for PBXNativeTarget "News AppTests" */;
			buildPhases = (
				4E4183772DC4BF3255D44D45 /* [CP] Check Pods Manifest.lock */,
				6A1B162927906AFE004304EB /* Sources */,
				6A1B162A27906AFE004304EB /* Frameworks */,
				6A1B162B27906AFE004304EB /* Resources */,
			);
			buildRules = (
			);
			dependencies = (
				6A1B162F27906AFE004304EB /* PBXTargetDependency */,
			);
			name = "News AppTests";
			productName = "News AppTests";
			productReference = 6A1B162D27906AFE004304EB /* News AppTests.xctest */;
			productType = "com.apple.product-type.bundle.unit-test";
		};
		6A1B163627906AFE004304EB /* News AppUITests */ = {
			isa = PBXNativeTarget;
			buildConfigurationList = 6A1B164727906AFE004304EB /* Build configuration list for PBXNativeTarget "News AppUITests" */;
			buildPhases = (
				62193B0522FB62E430FA2E4A /* [CP] Check Pods Manifest.lock */,
				6A1B163327906AFE004304EB /* Sources */,
				6A1B163427906AFE004304EB /* Frameworks */,
				6A1B163527906AFE004304EB /* Resources */,
				2935795DAA8173FD9A56C5B8 /* [CP] Embed Pods Frameworks */,
			);
			buildRules = (
			);
			dependencies = (
				6A1B163927906AFE004304EB /* PBXTargetDependency */,
			);
			name = "News AppUITests";
			productName = "News AppUITests";
			productReference = 6A1B163727906AFE004304EB /* News AppUITests.xctest */;
			productType = "com.apple.product-type.bundle.ui-testing";
		};
/* End PBXNativeTarget section */

/* Begin PBXProject section */
		6A1B160F27906AFC004304EB /* Project object */ = {
			isa = PBXProject;
			attributes = {
				BuildIndependentTargetsInParallel = 1;
				LastSwiftUpdateCheck = 1310;
				LastUpgradeCheck = 1310;
				TargetAttributes = {
					6A1B161627906AFC004304EB = {
						CreatedOnToolsVersion = 13.1;
					};
					6A1B162C27906AFE004304EB = {
						CreatedOnToolsVersion = 13.1;
						TestTargetID = 6A1B161627906AFC004304EB;
					};
					6A1B163627906AFE004304EB = {
						CreatedOnToolsVersion = 13.1;
						TestTargetID = 6A1B161627906AFC004304EB;
					};
				};
			};
			buildConfigurationList = 6A1B161227906AFC004304EB /* Build configuration list for PBXProject "News App" */;
			compatibilityVersion = "Xcode 13.0";
			developmentRegion = en;
			hasScannedForEncodings = 0;
			knownRegions = (
				en,
				Base,
			);
			mainGroup = 6A1B160E27906AFC004304EB;
			productRefGroup = 6A1B161827906AFC004304EB /* Products */;
			projectDirPath = "";
			projectRoot = "";
			targets = (
				6A1B161627906AFC004304EB /* News App */,
				6A1B162C27906AFE004304EB /* News AppTests */,
				6A1B163627906AFE004304EB /* News AppUITests */,
			);
		};
/* End PBXProject section */

/* Begin PBXResourcesBuildPhase section */
		6A1B161527906AFC004304EB /* Resources */ = {
			isa = PBXResourcesBuildPhase;
			buildActionMask = 2147483647;
			files = (
				6A3765FF2792822A00DA5419 /* PhotoDetailViewController.xib in Resources */,
				6A1B162727906AFE004304EB /* LaunchScreen.storyboard in Resources */,
				6A3765F82792765800DA5419 /* HeaderAlbumCollectionReusableView.xib in Resources */,
				6A3766092792855400DA5419 /* PhotoDetailCollectionViewCell.xib in Resources */,
				6AAAF00C2790A440001CA8F5 /* CommentTableViewCell.xib in Resources */,
				6A1B162427906AFE004304EB /* Assets.xcassets in Resources */,
				6AAAF0062790A3C8001CA8F5 /* PostDetailViewController.xib in Resources */,
				6A3765F22792034700DA5419 /* AlbumCollectionViewCell.xib in Resources */,
				6A1B165A27906DB6004304EB /* PostTableViewCell.xib in Resources */,
				6A3765EE2791F7A800DA5419 /* UserDetailViewController.xib in Resources */,
				6A1B166427906FAF004304EB /* PostViewController.xib in Resources */,
			);
			runOnlyForDeploymentPostprocessing = 0;
		};
		6A1B162B27906AFE004304EB /* Resources */ = {
			isa = PBXResourcesBuildPhase;
			buildActionMask = 2147483647;
			files = (
			);
			runOnlyForDeploymentPostprocessing = 0;
		};
		6A1B163527906AFE004304EB /* Resources */ = {
			isa = PBXResourcesBuildPhase;
			buildActionMask = 2147483647;
			files = (
			);
			runOnlyForDeploymentPostprocessing = 0;
		};
/* End PBXResourcesBuildPhase section */

/* Begin PBXShellScriptBuildPhase section */
		185C7B59468C7D46DAE093E6 /* [CP] Embed Pods Frameworks */ = {
			isa = PBXShellScriptBuildPhase;
			buildActionMask = 2147483647;
			files = (
			);
			inputFileListPaths = (
				"${PODS_ROOT}/Target Support Files/Pods-News App/Pods-News App-frameworks-${CONFIGURATION}-input-files.xcfilelist",
			);
			name = "[CP] Embed Pods Frameworks";
			outputFileListPaths = (
				"${PODS_ROOT}/Target Support Files/Pods-News App/Pods-News App-frameworks-${CONFIGURATION}-output-files.xcfilelist",
			);
			runOnlyForDeploymentPostprocessing = 0;
			shellPath = /bin/sh;
			shellScript = "\"${PODS_ROOT}/Target Support Files/Pods-News App/Pods-News App-frameworks.sh\"\n";
			showEnvVarsInLog = 0;
		};
		2935795DAA8173FD9A56C5B8 /* [CP] Embed Pods Frameworks */ = {
			isa = PBXShellScriptBuildPhase;
			buildActionMask = 2147483647;
			files = (
			);
			inputFileListPaths = (
				"${PODS_ROOT}/Target Support Files/Pods-News App-News AppUITests/Pods-News App-News AppUITests-frameworks-${CONFIGURATION}-input-files.xcfilelist",
			);
			name = "[CP] Embed Pods Frameworks";
			outputFileListPaths = (
				"${PODS_ROOT}/Target Support Files/Pods-News App-News AppUITests/Pods-News App-News AppUITests-frameworks-${CONFIGURATION}-output-files.xcfilelist",
			);
			runOnlyForDeploymentPostprocessing = 0;
			shellPath = /bin/sh;
			shellScript = "\"${PODS_ROOT}/Target Support Files/Pods-News App-News AppUITests/Pods-News App-News AppUITests-frameworks.sh\"\n";
			showEnvVarsInLog = 0;
		};
		4E4183772DC4BF3255D44D45 /* [CP] Check Pods Manifest.lock */ = {
			isa = PBXShellScriptBuildPhase;
			buildActionMask = 2147483647;
			files = (
			);
			inputFileListPaths = (
			);
			inputPaths = (
				"${PODS_PODFILE_DIR_PATH}/Podfile.lock",
				"${PODS_ROOT}/Manifest.lock",
			);
			name = "[CP] Check Pods Manifest.lock";
			outputFileListPaths = (
			);
			outputPaths = (
				"$(DERIVED_FILE_DIR)/Pods-News AppTests-checkManifestLockResult.txt",
			);
			runOnlyForDeploymentPostprocessing = 0;
			shellPath = /bin/sh;
			shellScript = "diff \"${PODS_PODFILE_DIR_PATH}/Podfile.lock\" \"${PODS_ROOT}/Manifest.lock\" > /dev/null\nif [ $? != 0 ] ; then\n    # print error to STDERR\n    echo \"error: The sandbox is not in sync with the Podfile.lock. Run 'pod install' or update your CocoaPods installation.\" >&2\n    exit 1\nfi\n# This output is used by Xcode 'outputs' to avoid re-running this script phase.\necho \"SUCCESS\" > \"${SCRIPT_OUTPUT_FILE_0}\"\n";
			showEnvVarsInLog = 0;
		};
		62193B0522FB62E430FA2E4A /* [CP] Check Pods Manifest.lock */ = {
			isa = PBXShellScriptBuildPhase;
			buildActionMask = 2147483647;
			files = (
			);
			inputFileListPaths = (
			);
			inputPaths = (
				"${PODS_PODFILE_DIR_PATH}/Podfile.lock",
				"${PODS_ROOT}/Manifest.lock",
			);
			name = "[CP] Check Pods Manifest.lock";
			outputFileListPaths = (
			);
			outputPaths = (
				"$(DERIVED_FILE_DIR)/Pods-News App-News AppUITests-checkManifestLockResult.txt",
			);
			runOnlyForDeploymentPostprocessing = 0;
			shellPath = /bin/sh;
			shellScript = "diff \"${PODS_PODFILE_DIR_PATH}/Podfile.lock\" \"${PODS_ROOT}/Manifest.lock\" > /dev/null\nif [ $? != 0 ] ; then\n    # print error to STDERR\n    echo \"error: The sandbox is not in sync with the Podfile.lock. Run 'pod install' or update your CocoaPods installation.\" >&2\n    exit 1\nfi\n# This output is used by Xcode 'outputs' to avoid re-running this script phase.\necho \"SUCCESS\" > \"${SCRIPT_OUTPUT_FILE_0}\"\n";
			showEnvVarsInLog = 0;
		};
		F95D196F2EF390C620DFBAE0 /* [CP] Check Pods Manifest.lock */ = {
			isa = PBXShellScriptBuildPhase;
			buildActionMask = 2147483647;
			files = (
			);
			inputFileListPaths = (
			);
			inputPaths = (
				"${PODS_PODFILE_DIR_PATH}/Podfile.lock",
				"${PODS_ROOT}/Manifest.lock",
			);
			name = "[CP] Check Pods Manifest.lock";
			outputFileListPaths = (
			);
			outputPaths = (
				"$(DERIVED_FILE_DIR)/Pods-News App-checkManifestLockResult.txt",
			);
			runOnlyForDeploymentPostprocessing = 0;
			shellPath = /bin/sh;
			shellScript = "diff \"${PODS_PODFILE_DIR_PATH}/Podfile.lock\" \"${PODS_ROOT}/Manifest.lock\" > /dev/null\nif [ $? != 0 ] ; then\n    # print error to STDERR\n    echo \"error: The sandbox is not in sync with the Podfile.lock. Run 'pod install' or update your CocoaPods installation.\" >&2\n    exit 1\nfi\n# This output is used by Xcode 'outputs' to avoid re-running this script phase.\necho \"SUCCESS\" > \"${SCRIPT_OUTPUT_FILE_0}\"\n";
			showEnvVarsInLog = 0;
		};
/* End PBXShellScriptBuildPhase section */

/* Begin PBXSourcesBuildPhase section */
		6A1B161327906AFC004304EB /* Sources */ = {
			isa = PBXSourcesBuildPhase;
			buildActionMask = 2147483647;
			files = (
				6ADBE2DD2795E01100055378 /* UIViewExtension.swift in Sources */,
				6AAAEFF627907C6F001CA8F5 /* UserService.swift in Sources */,
				6A1B166327906FAF004304EB /* PostViewController.swift in Sources */,
				6A1B165C27906F0D004304EB /* PostViewModel.swift in Sources */,
				6AAAEFFA279090EB001CA8F5 /* CommentService.swift in Sources */,
				6AAAF00B2790A440001CA8F5 /* CommentTableViewCell.swift in Sources */,
				6A1B16672790720B004304EB /* EndPoint.swift in Sources */,
				6A1B165E27906F3B004304EB /* PostService.swift in Sources */,
				6AAAF0052790A3C8001CA8F5 /* PostDetailViewController.swift in Sources */,
				6AAAEFF82790909B001CA8F5 /* PhotoService.swift in Sources */,
				6A3765FB279281B500DA5419 /* UIImageExtension.swift in Sources */,
				6A1B166027906F92004304EB /* PostModel.swift in Sources */,
				6A3765ED2791F7A800DA5419 /* UserDetailViewController.swift in Sources */,
				6AAAF0082790A414001CA8F5 /* PostDetailViewModel.swift in Sources */,
				6AAAEFFE27909EE9001CA8F5 /* Global.swift in Sources */,
				6A1B164E27906CF1004304EB /* NetworkingClient.swift in Sources */,
				6A3765F72792765800DA5419 /* HeaderAlbumCollectionReusableView.swift in Sources */,
				6ADBE2DF2795E09600055378 /* UIColorExtension.swift in Sources */,
				6AAAEFF227907B9B001CA8F5 /* PhotoModel.swift in Sources */,
				6A1B161B27906AFC004304EB /* AppDelegate.swift in Sources */,
				6A3766082792855400DA5419 /* PhotoDetailCollectionViewCell.swift in Sources */,
				6A376605279284E400DA5419 /* PhotoDetailViewModel.swift in Sources */,
				6AAAEFFC27909127001CA8F5 /* AlbumService.swift in Sources */,
				6AAAEFEC27907AE4001CA8F5 /* CommentModel.swift in Sources */,
				6A3765F427920ED800DA5419 /* UserDetailViewModel.swift in Sources */,
				6A3765F12792034700DA5419 /* AlbumCollectionViewCell.swift in Sources */,
				6AAAEFF427907BE1001CA8F5 /* TodoModel.swift in Sources */,
				6AAAEFEE27907B37001CA8F5 /* AlbumModel.swift in Sources */,
				6A3765FE2792822A00DA5419 /* PhotoDetailViewController.swift in Sources */,
				6AAAEFEA27907A34001CA8F5 /* UserModel.swift in Sources */,
				6A1B165927906DB6004304EB /* PostTableViewCell.swift in Sources */,
			);
			runOnlyForDeploymentPostprocessing = 0;
		};
		6A1B162927906AFE004304EB /* Sources */ = {
			isa = PBXSourcesBuildPhase;
			buildActionMask = 2147483647;
			files = (
				6A1B163227906AFE004304EB /* News_AppTests.swift in Sources */,
			);
			runOnlyForDeploymentPostprocessing = 0;
		};
		6A1B163327906AFE004304EB /* Sources */ = {
			isa = PBXSourcesBuildPhase;
			buildActionMask = 2147483647;
			files = (
				6A1B163E27906AFE004304EB /* News_AppUITestsLaunchTests.swift in Sources */,
				6A1B163C27906AFE004304EB /* News_AppUITests.swift in Sources */,
			);
			runOnlyForDeploymentPostprocessing = 0;
		};
/* End PBXSourcesBuildPhase section */

/* Begin PBXTargetDependency section */
		6A1B162F27906AFE004304EB /* PBXTargetDependency */ = {
			isa = PBXTargetDependency;
			target = 6A1B161627906AFC004304EB /* News App */;
			targetProxy = 6A1B162E27906AFE004304EB /* PBXContainerItemProxy */;
		};
		6A1B163927906AFE004304EB /* PBXTargetDependency */ = {
			isa = PBXTargetDependency;
			target = 6A1B161627906AFC004304EB /* News App */;
			targetProxy = 6A1B163827906AFE004304EB /* PBXContainerItemProxy */;
		};
/* End PBXTargetDependency section */

/* Begin PBXVariantGroup section */
		6A1B162527906AFE004304EB /* LaunchScreen.storyboard */ = {
			isa = PBXVariantGroup;
			children = (
				6A1B162627906AFE004304EB /* Base */,
			);
			name = LaunchScreen.storyboard;
			sourceTree = "<group>";
		};
/* End PBXVariantGroup section */

/* Begin XCBuildConfiguration section */
		6A1B163F27906AFE004304EB /* Debug */ = {
			isa = XCBuildConfiguration;
			buildSettings = {
				ALWAYS_SEARCH_USER_PATHS = NO;
				CLANG_ANALYZER_NONNULL = YES;
				CLANG_ANALYZER_NUMBER_OBJECT_CONVERSION = YES_AGGRESSIVE;
				CLANG_CXX_LANGUAGE_STANDARD = "gnu++17";
				CLANG_CXX_LIBRARY = "libc++";
				CLANG_ENABLE_MODULES = YES;
				CLANG_ENABLE_OBJC_ARC = YES;
				CLANG_ENABLE_OBJC_WEAK = YES;
				CLANG_WARN_BLOCK_CAPTURE_AUTORELEASING = YES;
				CLANG_WARN_BOOL_CONVERSION = YES;
				CLANG_WARN_COMMA = YES;
				CLANG_WARN_CONSTANT_CONVERSION = YES;
				CLANG_WARN_DEPRECATED_OBJC_IMPLEMENTATIONS = YES;
				CLANG_WARN_DIRECT_OBJC_ISA_USAGE = YES_ERROR;
				CLANG_WARN_DOCUMENTATION_COMMENTS = YES;
				CLANG_WARN_EMPTY_BODY = YES;
				CLANG_WARN_ENUM_CONVERSION = YES;
				CLANG_WARN_INFINITE_RECURSION = YES;
				CLANG_WARN_INT_CONVERSION = YES;
				CLANG_WARN_NON_LITERAL_NULL_CONVERSION = YES;
				CLANG_WARN_OBJC_IMPLICIT_RETAIN_SELF = YES;
				CLANG_WARN_OBJC_LITERAL_CONVERSION = YES;
				CLANG_WARN_OBJC_ROOT_CLASS = YES_ERROR;
				CLANG_WARN_QUOTED_INCLUDE_IN_FRAMEWORK_HEADER = YES;
				CLANG_WARN_RANGE_LOOP_ANALYSIS = YES;
				CLANG_WARN_STRICT_PROTOTYPES = YES;
				CLANG_WARN_SUSPICIOUS_MOVE = YES;
				CLANG_WARN_UNGUARDED_AVAILABILITY = YES_AGGRESSIVE;
				CLANG_WARN_UNREACHABLE_CODE = YES;
				CLANG_WARN__DUPLICATE_METHOD_MATCH = YES;
				COPY_PHASE_STRIP = NO;
				DEBUG_INFORMATION_FORMAT = dwarf;
				ENABLE_STRICT_OBJC_MSGSEND = YES;
				ENABLE_TESTABILITY = YES;
				GCC_C_LANGUAGE_STANDARD = gnu11;
				GCC_DYNAMIC_NO_PIC = NO;
				GCC_NO_COMMON_BLOCKS = YES;
				GCC_OPTIMIZATION_LEVEL = 0;
				GCC_PREPROCESSOR_DEFINITIONS = (
					"DEBUG=1",
					"$(inherited)",
				);
				GCC_WARN_64_TO_32_BIT_CONVERSION = YES;
				GCC_WARN_ABOUT_RETURN_TYPE = YES_ERROR;
				GCC_WARN_UNDECLARED_SELECTOR = YES;
				GCC_WARN_UNINITIALIZED_AUTOS = YES_AGGRESSIVE;
				GCC_WARN_UNUSED_FUNCTION = YES;
				GCC_WARN_UNUSED_VARIABLE = YES;
				IPHONEOS_DEPLOYMENT_TARGET = 15.0;
				MTL_ENABLE_DEBUG_INFO = INCLUDE_SOURCE;
				MTL_FAST_MATH = YES;
				ONLY_ACTIVE_ARCH = YES;
				SDKROOT = iphoneos;
				SWIFT_ACTIVE_COMPILATION_CONDITIONS = DEBUG;
				SWIFT_OPTIMIZATION_LEVEL = "-Onone";
			};
			name = Debug;
		};
		6A1B164027906AFE004304EB /* Release */ = {
			isa = XCBuildConfiguration;
			buildSettings = {
				ALWAYS_SEARCH_USER_PATHS = NO;
				CLANG_ANALYZER_NONNULL = YES;
				CLANG_ANALYZER_NUMBER_OBJECT_CONVERSION = YES_AGGRESSIVE;
				CLANG_CXX_LANGUAGE_STANDARD = "gnu++17";
				CLANG_CXX_LIBRARY = "libc++";
				CLANG_ENABLE_MODULES = YES;
				CLANG_ENABLE_OBJC_ARC = YES;
				CLANG_ENABLE_OBJC_WEAK = YES;
				CLANG_WARN_BLOCK_CAPTURE_AUTORELEASING = YES;
				CLANG_WARN_BOOL_CONVERSION = YES;
				CLANG_WARN_COMMA = YES;
				CLANG_WARN_CONSTANT_CONVERSION = YES;
				CLANG_WARN_DEPRECATED_OBJC_IMPLEMENTATIONS = YES;
				CLANG_WARN_DIRECT_OBJC_ISA_USAGE = YES_ERROR;
				CLANG_WARN_DOCUMENTATION_COMMENTS = YES;
				CLANG_WARN_EMPTY_BODY = YES;
				CLANG_WARN_ENUM_CONVERSION = YES;
				CLANG_WARN_INFINITE_RECURSION = YES;
				CLANG_WARN_INT_CONVERSION = YES;
				CLANG_WARN_NON_LITERAL_NULL_CONVERSION = YES;
				CLANG_WARN_OBJC_IMPLICIT_RETAIN_SELF = YES;
				CLANG_WARN_OBJC_LITERAL_CONVERSION = YES;
				CLANG_WARN_OBJC_ROOT_CLASS = YES_ERROR;
				CLANG_WARN_QUOTED_INCLUDE_IN_FRAMEWORK_HEADER = YES;
				CLANG_WARN_RANGE_LOOP_ANALYSIS = YES;
				CLANG_WARN_STRICT_PROTOTYPES = YES;
				CLANG_WARN_SUSPICIOUS_MOVE = YES;
				CLANG_WARN_UNGUARDED_AVAILABILITY = YES_AGGRESSIVE;
				CLANG_WARN_UNREACHABLE_CODE = YES;
				CLANG_WARN__DUPLICATE_METHOD_MATCH = YES;
				COPY_PHASE_STRIP = NO;
				DEBUG_INFORMATION_FORMAT = "dwarf-with-dsym";
				ENABLE_NS_ASSERTIONS = NO;
				ENABLE_STRICT_OBJC_MSGSEND = YES;
				GCC_C_LANGUAGE_STANDARD = gnu11;
				GCC_NO_COMMON_BLOCKS = YES;
				GCC_WARN_64_TO_32_BIT_CONVERSION = YES;
				GCC_WARN_ABOUT_RETURN_TYPE = YES_ERROR;
				GCC_WARN_UNDECLARED_SELECTOR = YES;
				GCC_WARN_UNINITIALIZED_AUTOS = YES_AGGRESSIVE;
				GCC_WARN_UNUSED_FUNCTION = YES;
				GCC_WARN_UNUSED_VARIABLE = YES;
				IPHONEOS_DEPLOYMENT_TARGET = 15.0;
				MTL_ENABLE_DEBUG_INFO = NO;
				MTL_FAST_MATH = YES;
				SDKROOT = iphoneos;
				SWIFT_COMPILATION_MODE = wholemodule;
				SWIFT_OPTIMIZATION_LEVEL = "-O";
				VALIDATE_PRODUCT = YES;
			};
			name = Release;
		};
		6A1B164227906AFE004304EB /* Debug */ = {
			isa = XCBuildConfiguration;
			baseConfigurationReference = C18154C6EB5E5C73845C21EE /* Pods-News App.debug.xcconfig */;
			buildSettings = {
				ASSETCATALOG_COMPILER_APPICON_NAME = AppIcon;
				ASSETCATALOG_COMPILER_GLOBAL_ACCENT_COLOR_NAME = AccentColor;
				CODE_SIGN_STYLE = Automatic;
				CURRENT_PROJECT_VERSION = 1;
				DEVELOPMENT_TEAM = DV22FZ92TW;
				GENERATE_INFOPLIST_FILE = YES;
				INFOPLIST_FILE = "News App/Info.plist";
				INFOPLIST_KEY_UIApplicationSupportsIndirectInputEvents = YES;
				INFOPLIST_KEY_UILaunchStoryboardName = LaunchScreen;
				INFOPLIST_KEY_UIMainStoryboardFile = LaunchScreen;
				INFOPLIST_KEY_UISupportedInterfaceOrientations_iPad = "UIInterfaceOrientationPortrait UIInterfaceOrientationPortraitUpsideDown UIInterfaceOrientationLandscapeLeft UIInterfaceOrientationLandscapeRight";
				INFOPLIST_KEY_UISupportedInterfaceOrientations_iPhone = "UIInterfaceOrientationPortrait UIInterfaceOrientationLandscapeLeft UIInterfaceOrientationLandscapeRight";
				LD_RUNPATH_SEARCH_PATHS = (
					"$(inherited)",
					"@executable_path/Frameworks",
				);
				MARKETING_VERSION = 1.0;
				PRODUCT_BUNDLE_IDENTIFIER = "Dimas.News-App";
				PRODUCT_NAME = "$(TARGET_NAME)";
				SWIFT_EMIT_LOC_STRINGS = YES;
				SWIFT_VERSION = 5.0;
				TARGETED_DEVICE_FAMILY = 1;
			};
			name = Debug;
		};
		6A1B164327906AFE004304EB /* Release */ = {
			isa = XCBuildConfiguration;
			baseConfigurationReference = 8E8771507E858680435A2153 /* Pods-News App.release.xcconfig */;
			buildSettings = {
				ASSETCATALOG_COMPILER_APPICON_NAME = AppIcon;
				ASSETCATALOG_COMPILER_GLOBAL_ACCENT_COLOR_NAME = AccentColor;
				CODE_SIGN_STYLE = Automatic;
				CURRENT_PROJECT_VERSION = 1;
				DEVELOPMENT_TEAM = DV22FZ92TW;
				GENERATE_INFOPLIST_FILE = YES;
				INFOPLIST_FILE = "News App/Info.plist";
				INFOPLIST_KEY_UIApplicationSupportsIndirectInputEvents = YES;
				INFOPLIST_KEY_UILaunchStoryboardName = LaunchScreen;
				INFOPLIST_KEY_UIMainStoryboardFile = LaunchScreen;
				INFOPLIST_KEY_UISupportedInterfaceOrientations_iPad = "UIInterfaceOrientationPortrait UIInterfaceOrientationPortraitUpsideDown UIInterfaceOrientationLandscapeLeft UIInterfaceOrientationLandscapeRight";
				INFOPLIST_KEY_UISupportedInterfaceOrientations_iPhone = "UIInterfaceOrientationPortrait UIInterfaceOrientationLandscapeLeft UIInterfaceOrientationLandscapeRight";
				LD_RUNPATH_SEARCH_PATHS = (
					"$(inherited)",
					"@executable_path/Frameworks",
				);
				MARKETING_VERSION = 1.0;
				PRODUCT_BUNDLE_IDENTIFIER = "Dimas.News-App";
				PRODUCT_NAME = "$(TARGET_NAME)";
				SWIFT_EMIT_LOC_STRINGS = YES;
				SWIFT_VERSION = 5.0;
				TARGETED_DEVICE_FAMILY = 1;
			};
			name = Release;
		};
		6A1B164527906AFE004304EB /* Debug */ = {
			isa = XCBuildConfiguration;
			baseConfigurationReference = 2EEC0AA8D463FD1CC636C184 /* Pods-News AppTests.debug.xcconfig */;
			buildSettings = {
				ALWAYS_EMBED_SWIFT_STANDARD_LIBRARIES = YES;
				BUNDLE_LOADER = "$(TEST_HOST)";
				CODE_SIGN_STYLE = Automatic;
				CURRENT_PROJECT_VERSION = 1;
				DEVELOPMENT_TEAM = DV22FZ92TW;
				GENERATE_INFOPLIST_FILE = YES;
				IPHONEOS_DEPLOYMENT_TARGET = 15.0;
				LD_RUNPATH_SEARCH_PATHS = (
					"$(inherited)",
					"@executable_path/Frameworks",
					"@loader_path/Frameworks",
				);
				MARKETING_VERSION = 1.0;
				PRODUCT_BUNDLE_IDENTIFIER = "Dimas.News-AppTests";
				PRODUCT_NAME = "$(TARGET_NAME)";
				SWIFT_EMIT_LOC_STRINGS = NO;
				SWIFT_VERSION = 5.0;
				TARGETED_DEVICE_FAMILY = "1,2";
				TEST_HOST = "$(BUILT_PRODUCTS_DIR)/News App.app/News App";
			};
			name = Debug;
		};
		6A1B164627906AFE004304EB /* Release */ = {
			isa = XCBuildConfiguration;
			baseConfigurationReference = DC7C80DC4D951C98CC93A152 /* Pods-News AppTests.release.xcconfig */;
			buildSettings = {
				ALWAYS_EMBED_SWIFT_STANDARD_LIBRARIES = YES;
				BUNDLE_LOADER = "$(TEST_HOST)";
				CODE_SIGN_STYLE = Automatic;
				CURRENT_PROJECT_VERSION = 1;
				DEVELOPMENT_TEAM = DV22FZ92TW;
				GENERATE_INFOPLIST_FILE = YES;
				IPHONEOS_DEPLOYMENT_TARGET = 15.0;
				LD_RUNPATH_SEARCH_PATHS = (
					"$(inherited)",
					"@executable_path/Frameworks",
					"@loader_path/Frameworks",
				);
				MARKETING_VERSION = 1.0;
				PRODUCT_BUNDLE_IDENTIFIER = "Dimas.News-AppTests";
				PRODUCT_NAME = "$(TARGET_NAME)";
				SWIFT_EMIT_LOC_STRINGS = NO;
				SWIFT_VERSION = 5.0;
				TARGETED_DEVICE_FAMILY = "1,2";
				TEST_HOST = "$(BUILT_PRODUCTS_DIR)/News App.app/News App";
			};
			name = Release;
		};
		6A1B164827906AFE004304EB /* Debug */ = {
			isa = XCBuildConfiguration;
			baseConfigurationReference = 2427A0F22DB0492E8CB5C94F /* Pods-News App-News AppUITests.debug.xcconfig */;
			buildSettings = {
				ALWAYS_EMBED_SWIFT_STANDARD_LIBRARIES = YES;
				CODE_SIGN_STYLE = Automatic;
				CURRENT_PROJECT_VERSION = 1;
				DEVELOPMENT_TEAM = DV22FZ92TW;
				GENERATE_INFOPLIST_FILE = YES;
				LD_RUNPATH_SEARCH_PATHS = (
					"$(inherited)",
					"@executable_path/Frameworks",
					"@loader_path/Frameworks",
				);
				MARKETING_VERSION = 1.0;
				PRODUCT_BUNDLE_IDENTIFIER = "Dimas.News-AppUITests";
				PRODUCT_NAME = "$(TARGET_NAME)";
				SWIFT_EMIT_LOC_STRINGS = NO;
				SWIFT_VERSION = 5.0;
				TARGETED_DEVICE_FAMILY = "1,2";
				TEST_TARGET_NAME = "News App";
			};
			name = Debug;
		};
		6A1B164927906AFE004304EB /* Release */ = {
			isa = XCBuildConfiguration;
			baseConfigurationReference = 4D8AC5067C36808CED63C7B5 /* Pods-News App-News AppUITests.release.xcconfig */;
			buildSettings = {
				ALWAYS_EMBED_SWIFT_STANDARD_LIBRARIES = YES;
				CODE_SIGN_STYLE = Automatic;
				CURRENT_PROJECT_VERSION = 1;
				DEVELOPMENT_TEAM = DV22FZ92TW;
				GENERATE_INFOPLIST_FILE = YES;
				LD_RUNPATH_SEARCH_PATHS = (
					"$(inherited)",
					"@executable_path/Frameworks",
					"@loader_path/Frameworks",
				);
				MARKETING_VERSION = 1.0;
				PRODUCT_BUNDLE_IDENTIFIER = "Dimas.News-AppUITests";
				PRODUCT_NAME = "$(TARGET_NAME)";
				SWIFT_EMIT_LOC_STRINGS = NO;
				SWIFT_VERSION = 5.0;
				TARGETED_DEVICE_FAMILY = "1,2";
				TEST_TARGET_NAME = "News App";
			};
			name = Release;
		};
/* End XCBuildConfiguration section */

/* Begin XCConfigurationList section */
		6A1B161227906AFC004304EB /* Build configuration list for PBXProject "News App" */ = {
			isa = XCConfigurationList;
			buildConfigurations = (
				6A1B163F27906AFE004304EB /* Debug */,
				6A1B164027906AFE004304EB /* Release */,
			);
			defaultConfigurationIsVisible = 0;
			defaultConfigurationName = Release;
		};
		6A1B164127906AFE004304EB /* Build configuration list for PBXNativeTarget "News App" */ = {
			isa = XCConfigurationList;
			buildConfigurations = (
				6A1B164227906AFE004304EB /* Debug */,
				6A1B164327906AFE004304EB /* Release */,
			);
			defaultConfigurationIsVisible = 0;
			defaultConfigurationName = Release;
		};
		6A1B164427906AFE004304EB /* Build configuration list for PBXNativeTarget "News AppTests" */ = {
			isa = XCConfigurationList;
			buildConfigurations = (
				6A1B164527906AFE004304EB /* Debug */,
				6A1B164627906AFE004304EB /* Release */,
			);
			defaultConfigurationIsVisible = 0;
			defaultConfigurationName = Release;
		};
		6A1B164727906AFE004304EB /* Build configuration list for PBXNativeTarget "News AppUITests" */ = {
			isa = XCConfigurationList;
			buildConfigurations = (
				6A1B164827906AFE004304EB /* Debug */,
				6A1B164927906AFE004304EB /* Release */,
			);
			defaultConfigurationIsVisible = 0;
			defaultConfigurationName = Release;
		};
/* End XCConfigurationList section */
	};
	rootObject = 6A1B160F27906AFC004304EB /* Project object */;
}
